<?xml version="1.0" encoding="utf-8"?>
<Project ToolsVersion="4.0" xmlns="http://schemas.microsoft.com/developer/msbuild/2003">
  <ItemGroup>
    <ClCompile Include="src\Component\Asteroid.cpp" />
    <ClCompile Include="src\Component\Behaviour\Behaviour.cpp" />
    <ClCompile Include="src\Component\Core\Canvas.cpp" />
    <ClCompile Include="src\FSM\CreditsState.cpp" />
    <ClCompile Include="src\FSM\GamePlayState.cpp" />
    <ClCompile Include="src\FSM\HighScoreState.cpp" />
    <ClCompile Include="src\FSM\MainMenuState.cpp" />
    <ClCompile Include="src\FSM\QuitGameState.cpp" />
    <ClCompile Include="src\FSM\SettingsState.cpp" />
    <ClCompile Include="src\UI\Button.cpp" />
    <ClCompile Include="src\Component\Core\BoxCollider2D.cpp" />
    <ClCompile Include="src\Component\Core\Renderer.cpp" />
    <ClCompile Include="src\Component\ParticleSystem.cpp" />
    <ClCompile Include="src\Component\PositionWrapper.cpp" />
    <ClCompile Include="src\Component\Projectile.cpp" />
    <ClCompile Include="src\Component\Core\SpriteRenderer.cpp" />
    <ClCompile Include="src\Component\Core\Transform.cpp" />
    <ClCompile Include="src\Component\UFO.cpp" />
    <ClCompile Include="src\Core\Engine.cpp" />
    <ClCompile Include="src\Core\GameInstance.cpp" />
    <ClCompile Include="src\Core\Input.cpp" />
    <ClCompile Include="src\Core\Time.cpp" />
    <ClCompile Include="src\FactorySystem\PredefinedObject.cpp" />
    <ClCompile Include="src\Main.cpp" />
    <ClCompile Include="src\Math\Mathf.cpp" />
    <ClCompile Include="src\ObjectPool.cpp" />
    <ClCompile Include="src\Objects\GameObject.cpp" />
    <ClCompile Include="src\Objects\IObject.h" />
    <ClCompile Include="src\pch.cpp" />
    <ClCompile Include="src\PlayerController.cpp" />
    <ClCompile Include="src\SoundSystem\SoundCoordinator.cpp" />
    <ClCompile Include="src\Structs\Particle.cpp" />
    <ClCompile Include="src\Structs\Sprite.cpp" />
    <ClCompile Include="src\Structs\Vector2.cpp" />
    <ClCompile Include="src\TextureCoordinator.cpp" />
    <ClCompile Include="src\FSM\PauseMenu.cpp" />
    <ClCompile Include="src\UI\Text.cpp" />
    <ClCompile Include="src\UI\UIFactory.cpp" />
    <ClCompile Include="src\Component\Core\IComponent.cpp" />
    <ClCompile Include="src\Core\Physics.cpp" />
    <ClCompile Include="src\SpatialPartitioning\CollisionGrid.cpp" />
    <ClCompile Include="src\FSM\GameOverMenu.cpp" />
    <ClCompile Include="src\Structs\HighScore.h" />
    <ClCompile Include="src\Structs\HighScore.cpp" />
  </ItemGroup>
  <ItemGroup>
    <ClInclude Include="src\Action.h" />
    <ClInclude Include="src\Component\Asteroid.h" />
    <ClInclude Include="src\Component\Behaviour\Behaviour.h" />
    <ClInclude Include="src\Component\Core\Canvas.h" />
    <ClInclude Include="src\FSM\CreditsState.h" />
    <ClInclude Include="src\FSM\GamePlayState.h" />
    <ClInclude Include="src\FSM\GameState.h" />
    <ClInclude Include="src\FSM\HighScoreState.h" />
    <ClInclude Include="src\FSM\MainMenuState.h" />
    <ClInclude Include="src\EventSystem\MenuEvent.h" />
    <ClInclude Include="src\FSM\QuitGameState.h" />
    <ClInclude Include="src\FSM\SettingsState.h" />
    <ClInclude Include="src\UI\Button.h" />
    <ClInclude Include="src\Component\Core\BoxCollider2D.h" />
    <ClInclude Include="src\Component\Core\IComponent.h" />
    <ClInclude Include="src\Component\Core\Renderer.h" />
    <ClInclude Include="src\Component\ParticleSystem.h" />
    <ClInclude Include="src\Component\PositionWrapper.h" />
    <ClInclude Include="src\Component\Projectile.h" />
    <ClInclude Include="src\Component\Core\SpriteRenderer.h" />
    <ClInclude Include="src\Component\Core\Transform.h" />
    <ClInclude Include="src\Component\UFO.h" />
    <ClInclude Include="src\Core\Engine.h" />
    <ClInclude Include="src\Core\GameInstance.h" />
    <ClInclude Include="src\Core\Input.h" />
    <ClInclude Include="src\Core\Time.h" />
    <ClInclude Include="src\Enums\Layer.h" />
    <ClInclude Include="src\EventSystem\EngineEvent.h" />
    <ClInclude Include="src\EventSystem\Event.h" />
    <ClInclude Include="src\EventSystem\EventSystem.h" />
    <ClInclude Include="src\EventSystem\KeyEvent.h" />
    <ClInclude Include="src\EventSystem\ObjectEvent.h" />
    <ClInclude Include="src\FactorySystem\Factory.h" />
    <ClInclude Include="src\FactorySystem\FactoryObject.h" />
    <ClInclude Include="src\FactorySystem\ObjectDefinitions.h" />
    <ClInclude Include="src\FactorySystem\Predef.h" />
    <ClInclude Include="src\FactorySystem\PredefinedObject.h" />
    <ClInclude Include="src\Math\Mathf.h" />
    <ClInclude Include="src\ObjectPool.h" />
    <ClInclude Include="src\Objects\GameObject.h" />
    <ClInclude Include="src\pch.h" />
    <ClInclude Include="src\PlayerController.h" />
    <ClInclude Include="src\SoundSystem\SoundCoordinator.h" />
    <ClInclude Include="src\Structs\Particle.h" />
    <ClInclude Include="src\Structs\Pool.h" />
    <ClInclude Include="src\Structs\Sprite.h" />
    <ClInclude Include="src\Structs\Vector2.h" />
    <ClInclude Include="src\TextureCoordinator.h" />
    <ClInclude Include="src\UI\Image.h" />
    <ClInclude Include="src\FSM\PauseMenu.h" />
    <ClInclude Include="src\UI\Text.h" />
    <ClInclude Include="src\UI\UIElement.h" />
    <ClInclude Include="src\UI\UIFactory.h" />
    <ClInclude Include="src\Utilities\Timer.h" />
    <ClInclude Include="src\SpatialPartitioning\CollisionGrid.h" />
    <ClInclude Include="src\Core\Physics.h" />
    <ClInclude Include="src\FSM\GameOverMenu.h" />
    <ClInclude Include="src\Core\EngineData.h" />
    <ClInclude Include="src\Core\SaveLoadGame.h" />
  </ItemGroup>
  <ItemGroup>
    <Text Include="Assets\HighScore\highscore.txt" />
  </ItemGroup>
</Project>